schema: '2.0'
stages:
  data_ingestion:
    cmd: python src/data/data_ingestion.py
    deps:
    - path: src/data/data_ingestion.py
      hash: md5
      md5: fda947d2482bf60530c11190b618836f
      size: 3244
    params:
      params.yaml:
        data_ingestion.test_size: 0.4
    outs:
    - path: data/raw
      hash: md5
      md5: ead5f5864b14f44a1d916f1148a279f7.dir
      size: 817597
      nfiles: 2
  data_preprocessing:
    cmd: python src/data/data_preprocessing.py
    deps:
    - path: data/raw
      hash: md5
      md5: ead5f5864b14f44a1d916f1148a279f7.dir
      size: 817597
      nfiles: 2
    - path: src/data/data_preprocessing.py
      hash: md5
      md5: 85fd07c10f338d00459835cf50cc9530
      size: 6146
    outs:
    - path: data/processed
      hash: md5
      md5: 1873bbcda2b7e99a0b637a7f0048c049.dir
      size: 536593
      nfiles: 2
  feature_engineering:
    cmd: python src/features/feature_engineering.py
    deps:
    - path: data/processed
      hash: md5
      md5: 1873bbcda2b7e99a0b637a7f0048c049.dir
      size: 536593
      nfiles: 2
    - path: src/features/feature_engineering.py
      hash: md5
      md5: fb5d3f671ca09c2e24f2f6b7cefdf2f8
      size: 4356
    params:
      params.yaml:
        feature_engineering.max_features: 10
    outs:
    - path: data/interim
      hash: md5
      md5: 955c347b5e3a8691865a75b0e5d9760e.dir
      size: 524257
      nfiles: 2
  model_training:
    cmd: python src/models/model_building.py
    deps:
    - path: data/interim
      hash: md5
      md5: 955c347b5e3a8691865a75b0e5d9760e.dir
      size: 524257
      nfiles: 2
    - path: src/models/model_building.py
      hash: md5
      md5: 30f84b99605e7b1e1dc62d3e5bcbec60
      size: 2465
    params:
      params.yaml:
        model_building.learning_rate: 0.1
        model_building.n_estimators: 50
    outs:
    - path: model.pkl
      hash: md5
      md5: f5ea3e4a00917b98324d3d9d0cc468ae
      size: 69273
  evaluation:
    cmd: python src/models/model_evaluation.py
    deps:
    - path: model.pkl
      hash: md5
      md5: f5ea3e4a00917b98324d3d9d0cc468ae
      size: 69273
    - path: src/models/model_evaluation.py
      hash: md5
      md5: f228e12a36a0fff327cbe6199b6e1ea9
      size: 3280
    outs:
    - path: metrics.json
      hash: md5
      md5: 548fa144b6f103924ad76b015de0d6b2
      size: 141
